
Microsoft Visual Studio Solution File, Format Version 12.00
Project("{FAE04EC0-301F-11D3-BF4B-00C04F79EFBC}") = "Finances", "Finances\Finances.csproj", "{272AAE38-92B2-4134-B162-4B604C42A7A0}"
EndProject
Global
	GlobalSection(SolutionConfigurationPlatforms) = preSolution
		Debug|Any CPU = Debug|Any CPU
		Release|Any CPU = Release|Any CPU
	EndGlobalSection
	GlobalSection(ProjectConfigurationPlatforms) = postSolution
		{272AAE38-92B2-4134-B162-4B604C42A7A0}.Debug|Any CPU.ActiveCfg = Debug|Any CPU
		{272AAE38-92B2-4134-B162-4B604C42A7A0}.Debug|Any CPU.Build.0 = Debug|Any CPU
		{272AAE38-92B2-4134-B162-4B604C42A7A0}.Release|Any CPU.ActiveCfg = Release|Any CPU
		{272AAE38-92B2-4134-B162-4B604C42A7A0}.Release|Any CPU.Build.0 = Release|Any CPU
	EndGlobalSection
EndGlobal
